
Microsoft Visual Studio Solution File, Format Version 12.00
# Visual Studio Version 17
VisualStudioVersion = 17.13.35931.197 d17.13
MinimumVisualStudioVersion = 10.0.40219.1
Project("{FAE04EC0-301F-11D3-BF4B-00C04F79EFBC}") = "TradeServiceApi", "TradeServiceApi.csproj", "{9FDF0D0B-0C1F-4B31-94A7-F9DEFC8B70CE}"
EndProject
Global
	GlobalSection(SolutionConfigurationPlatforms) = preSolution
		Debug|Any CPU = Debug|Any CPU
		Release|Any CPU = Release|Any CPU
	EndGlobalSection
	GlobalSection(ProjectConfigurationPlatforms) = postSolution
		{9FDF0D0B-0C1F-4B31-94A7-F9DEFC8B70CE}.Debug|Any CPU.ActiveCfg = Debug|Any CPU
		{9FDF0D0B-0C1F-4B31-94A7-F9DEFC8B70CE}.Debug|Any CPU.Build.0 = Debug|Any CPU
		{9FDF0D0B-0C1F-4B31-94A7-F9DEFC8B70CE}.Release|Any CPU.ActiveCfg = Release|Any CPU
		{9FDF0D0B-0C1F-4B31-94A7-F9DEFC8B70CE}.Release|Any CPU.Build.0 = Release|Any CPU
	EndGlobalSection
	GlobalSection(SolutionProperties) = preSolution
		HideSolutionNode = FALSE
	EndGlobalSection
	GlobalSection(ExtensibilityGlobals) = postSolution
		SolutionGuid = {DDD61E3A-CDD1-4B15-A531-18BECD094B18}
	EndGlobalSection
EndGlobal
